github.com/tencentcloud/tencentcloud-sdk-go/tencentcloud/common v1.0.1090 h1:0fZ+FZE7ZvqxGdYbtQW8OyPXGD1qGPmg4wT+Tjkv+1s=
github.com/tencentcloud/tencentcloud-sdk-go/tencentcloud/common v1.0.1090/go.mod h1:r5r4xbfxSaeR04b166HGsBa/R4U3SueirEUpXGuw+Q0=
github.com/tencentcloud/tencentcloud-sdk-go/tencentcloud/tmt v1.0.1090 h1:aE66ABvYrEntTlX+sgQGbhMipn3nI3p1kGIf4tIXlLQ=
github.com/tencentcloud/tencentcloud-sdk-go/tencentcloud/tmt v1.0.1090/go.mod h1:9C69koEsAmlC+Uwt7DfCAXh8bdmKxqVur/KNxgSpLzI=
gopkg.in/check.v1 v0.0.0-20161208181325-20d25e280405 h1:yhCVgyC4o1eVCa2tZl7eS0r+SDo693bJlVdllGtEeKM=
gopkg.in/check.v1 v0.0.0-20161208181325-20d25e280405/go.mod h1:Co6ibVJAznAaIkqp8huTwlJQCZ016jof/cbN4VW5Yz0=
gopkg.in/yaml.v3 v3.0.1 h1:fxVm/GzAzEWqLHuvctI91KS9hhNmmWOoWu0XTYJS7CA=
gopkg.in/yaml.v3 v3.0.1/go.mod h1:K4uyk7z7BCEPqu6E+C64Yfv1cQ7kz7rIZviUmN+EgEM=
